
Microsoft Visual Studio Solution File, Format Version 12.00
# Visual Studio 15
VisualStudioVersion = 15.0.26124.0
MinimumVisualStudioVersion = 15.0.26124.0
Project("{9A19103F-16F7-4668-BE54-9A1E7A4F7556}") = "CityKataDesign", "CityKataDesign\CityKataDesign.csproj", "{3B307492-F14A-45F4-BE12-0367DFF6507D}"
EndProject
Project("{9A19103F-16F7-4668-BE54-9A1E7A4F7556}") = "CityKataDesignTest", "CityKataDesignTest\CityKataDesignTest.csproj", "{0512D7BB-A6AA-49CF-B0D0-DC969DE54990}"
EndProject
Project("{2150E333-8FDC-42A3-9474-1A3956D46DE8}") = "Solution Items", "Solution Items", "{A9A86800-409E-4785-A2D4-1E0EDA211FE3}"
	ProjectSection(SolutionItems) = preProject
		Ubiquitous language.md = Ubiquitous language.md
	EndProjectSection
EndProject
Global
	GlobalSection(SolutionConfigurationPlatforms) = preSolution
		Debug|Any CPU = Debug|Any CPU
		Debug|x64 = Debug|x64
		Debug|x86 = Debug|x86
		Release|Any CPU = Release|Any CPU
		Release|x64 = Release|x64
		Release|x86 = Release|x86
	EndGlobalSection
	GlobalSection(ProjectConfigurationPlatforms) = postSolution
		{3B307492-F14A-45F4-BE12-0367DFF6507D}.Debug|Any CPU.ActiveCfg = Debug|Any CPU
		{3B307492-F14A-45F4-BE12-0367DFF6507D}.Debug|Any CPU.Build.0 = Debug|Any CPU
		{3B307492-F14A-45F4-BE12-0367DFF6507D}.Debug|x64.ActiveCfg = Debug|Any CPU
		{3B307492-F14A-45F4-BE12-0367DFF6507D}.Debug|x64.Build.0 = Debug|Any CPU
		{3B307492-F14A-45F4-BE12-0367DFF6507D}.Debug|x86.ActiveCfg = Debug|Any CPU
		{3B307492-F14A-45F4-BE12-0367DFF6507D}.Debug|x86.Build.0 = Debug|Any CPU
		{3B307492-F14A-45F4-BE12-0367DFF6507D}.Release|Any CPU.ActiveCfg = Release|Any CPU
		{3B307492-F14A-45F4-BE12-0367DFF6507D}.Release|Any CPU.Build.0 = Release|Any CPU
		{3B307492-F14A-45F4-BE12-0367DFF6507D}.Release|x64.ActiveCfg = Release|Any CPU
		{3B307492-F14A-45F4-BE12-0367DFF6507D}.Release|x64.Build.0 = Release|Any CPU
		{3B307492-F14A-45F4-BE12-0367DFF6507D}.Release|x86.ActiveCfg = Release|Any CPU
		{3B307492-F14A-45F4-BE12-0367DFF6507D}.Release|x86.Build.0 = Release|Any CPU
		{0512D7BB-A6AA-49CF-B0D0-DC969DE54990}.Debug|Any CPU.ActiveCfg = Debug|Any CPU
		{0512D7BB-A6AA-49CF-B0D0-DC969DE54990}.Debug|Any CPU.Build.0 = Debug|Any CPU
		{0512D7BB-A6AA-49CF-B0D0-DC969DE54990}.Debug|x64.ActiveCfg = Debug|Any CPU
		{0512D7BB-A6AA-49CF-B0D0-DC969DE54990}.Debug|x64.Build.0 = Debug|Any CPU
		{0512D7BB-A6AA-49CF-B0D0-DC969DE54990}.Debug|x86.ActiveCfg = Debug|Any CPU
		{0512D7BB-A6AA-49CF-B0D0-DC969DE54990}.Debug|x86.Build.0 = Debug|Any CPU
		{0512D7BB-A6AA-49CF-B0D0-DC969DE54990}.Release|Any CPU.ActiveCfg = Release|Any CPU
		{0512D7BB-A6AA-49CF-B0D0-DC969DE54990}.Release|Any CPU.Build.0 = Release|Any CPU
		{0512D7BB-A6AA-49CF-B0D0-DC969DE54990}.Release|x64.ActiveCfg = Release|Any CPU
		{0512D7BB-A6AA-49CF-B0D0-DC969DE54990}.Release|x64.Build.0 = Release|Any CPU
		{0512D7BB-A6AA-49CF-B0D0-DC969DE54990}.Release|x86.ActiveCfg = Release|Any CPU
		{0512D7BB-A6AA-49CF-B0D0-DC969DE54990}.Release|x86.Build.0 = Release|Any CPU
	EndGlobalSection
	GlobalSection(SolutionProperties) = preSolution
		HideSolutionNode = FALSE
	EndGlobalSection
	GlobalSection(ExtensibilityGlobals) = postSolution
		SolutionGuid = {AD63B158-B440-4955-A9BC-A8AC669442CF}
	EndGlobalSection
EndGlobal
