
Microsoft Visual Studio Solution File, Format Version 12.00
# Visual Studio 15
VisualStudioVersion = 15.0.27428.2043
MinimumVisualStudioVersion = 10.0.40219.1
Project("{FAE04EC0-301F-11D3-BF4B-00C04F79EFBC}") = "TripServicesKata.Test", "TripServicesKata.Test\TripServicesKata.Test.csproj", "{3A203DA6-5AD1-4232-BA7A-195391E199AC}"
EndProject
Project("{FAE04EC0-301F-11D3-BF4B-00C04F79EFBC}") = "TripServiceKata", "TripServiceKata\TripServiceKata.csproj", "{970BEFF3-2DFB-47D8-9374-EE6CF80D05F3}"
EndProject
Global
	GlobalSection(SolutionConfigurationPlatforms) = preSolution
		Debug|Any CPU = Debug|Any CPU
		Debug|x64 = Debug|x64
		Debug|x86 = Debug|x86
		Release|Any CPU = Release|Any CPU
		Release|x64 = Release|x64
		Release|x86 = Release|x86
	EndGlobalSection
	GlobalSection(ProjectConfigurationPlatforms) = postSolution
		{3A203DA6-5AD1-4232-BA7A-195391E199AC}.Debug|Any CPU.ActiveCfg = Debug|Any CPU
		{3A203DA6-5AD1-4232-BA7A-195391E199AC}.Debug|Any CPU.Build.0 = Debug|Any CPU
		{3A203DA6-5AD1-4232-BA7A-195391E199AC}.Debug|x64.ActiveCfg = Debug|Any CPU
		{3A203DA6-5AD1-4232-BA7A-195391E199AC}.Debug|x64.Build.0 = Debug|Any CPU
		{3A203DA6-5AD1-4232-BA7A-195391E199AC}.Debug|x86.ActiveCfg = Debug|Any CPU
		{3A203DA6-5AD1-4232-BA7A-195391E199AC}.Debug|x86.Build.0 = Debug|Any CPU
		{3A203DA6-5AD1-4232-BA7A-195391E199AC}.Release|Any CPU.ActiveCfg = Release|Any CPU
		{3A203DA6-5AD1-4232-BA7A-195391E199AC}.Release|Any CPU.Build.0 = Release|Any CPU
		{3A203DA6-5AD1-4232-BA7A-195391E199AC}.Release|x64.ActiveCfg = Release|Any CPU
		{3A203DA6-5AD1-4232-BA7A-195391E199AC}.Release|x64.Build.0 = Release|Any CPU
		{3A203DA6-5AD1-4232-BA7A-195391E199AC}.Release|x86.ActiveCfg = Release|Any CPU
		{3A203DA6-5AD1-4232-BA7A-195391E199AC}.Release|x86.Build.0 = Release|Any CPU
		{970BEFF3-2DFB-47D8-9374-EE6CF80D05F3}.Debug|Any CPU.ActiveCfg = Debug|Any CPU
		{970BEFF3-2DFB-47D8-9374-EE6CF80D05F3}.Debug|Any CPU.Build.0 = Debug|Any CPU
		{970BEFF3-2DFB-47D8-9374-EE6CF80D05F3}.Debug|x64.ActiveCfg = Debug|Any CPU
		{970BEFF3-2DFB-47D8-9374-EE6CF80D05F3}.Debug|x64.Build.0 = Debug|Any CPU
		{970BEFF3-2DFB-47D8-9374-EE6CF80D05F3}.Debug|x86.ActiveCfg = Debug|Any CPU
		{970BEFF3-2DFB-47D8-9374-EE6CF80D05F3}.Debug|x86.Build.0 = Debug|Any CPU
		{970BEFF3-2DFB-47D8-9374-EE6CF80D05F3}.Release|Any CPU.ActiveCfg = Release|Any CPU
		{970BEFF3-2DFB-47D8-9374-EE6CF80D05F3}.Release|Any CPU.Build.0 = Release|Any CPU
		{970BEFF3-2DFB-47D8-9374-EE6CF80D05F3}.Release|x64.ActiveCfg = Release|Any CPU
		{970BEFF3-2DFB-47D8-9374-EE6CF80D05F3}.Release|x64.Build.0 = Release|Any CPU
		{970BEFF3-2DFB-47D8-9374-EE6CF80D05F3}.Release|x86.ActiveCfg = Release|Any CPU
		{970BEFF3-2DFB-47D8-9374-EE6CF80D05F3}.Release|x86.Build.0 = Release|Any CPU
	EndGlobalSection
	GlobalSection(SolutionProperties) = preSolution
		HideSolutionNode = FALSE
	EndGlobalSection
	GlobalSection(ExtensibilityGlobals) = postSolution
		SolutionGuid = {88954E52-E649-4FB6-9B45-DE4B122F577E}
	EndGlobalSection
EndGlobal
